
Microsoft Visual Studio Solution File, Format Version 12.00
# Visual Studio Version 16
VisualStudioVersion = 16.0.31624.102
MinimumVisualStudioVersion = 10.0.40219.1
Project("{8BC9CEB8-8B4A-11D0-8D11-00A0C91BC942}") = "DWS_Error", "DWS_Error.vcxproj", "{1390FE15-D063-449D-A62A-A4C4D14A4284}"
EndProject
Project("{8BC9CEB8-8B4A-11D0-8D11-00A0C91BC942}") = "DWS_Error_Test", "DWS_Error_Test\DWS_Error_Test.vcxproj", "{9DF90418-ACD9-4B71-AE12-996C4F08D289}"
EndProject
Global
	GlobalSection(SolutionConfigurationPlatforms) = preSolution
		Debug|x64 = Debug|x64
		Debug|x86 = Debug|x86
		Release|x64 = Release|x64
		Release|x86 = Release|x86
	EndGlobalSection
	GlobalSection(ProjectConfigurationPlatforms) = postSolution
		{1390FE15-D063-449D-A62A-A4C4D14A4284}.Debug|x64.ActiveCfg = Debug|x64
		{1390FE15-D063-449D-A62A-A4C4D14A4284}.Debug|x64.Build.0 = Debug|x64
		{1390FE15-D063-449D-A62A-A4C4D14A4284}.Debug|x86.ActiveCfg = Debug|Win32
		{1390FE15-D063-449D-A62A-A4C4D14A4284}.Debug|x86.Build.0 = Debug|Win32
		{1390FE15-D063-449D-A62A-A4C4D14A4284}.Release|x64.ActiveCfg = Release|x64
		{1390FE15-D063-449D-A62A-A4C4D14A4284}.Release|x64.Build.0 = Release|x64
		{1390FE15-D063-449D-A62A-A4C4D14A4284}.Release|x86.ActiveCfg = Release|Win32
		{1390FE15-D063-449D-A62A-A4C4D14A4284}.Release|x86.Build.0 = Release|Win32
		{9DF90418-ACD9-4B71-AE12-996C4F08D289}.Debug|x64.ActiveCfg = Debug|x64
		{9DF90418-ACD9-4B71-AE12-996C4F08D289}.Debug|x64.Build.0 = Debug|x64
		{9DF90418-ACD9-4B71-AE12-996C4F08D289}.Debug|x86.ActiveCfg = Debug|Win32
		{9DF90418-ACD9-4B71-AE12-996C4F08D289}.Debug|x86.Build.0 = Debug|Win32
		{9DF90418-ACD9-4B71-AE12-996C4F08D289}.Release|x64.ActiveCfg = Release|x64
		{9DF90418-ACD9-4B71-AE12-996C4F08D289}.Release|x64.Build.0 = Release|x64
		{9DF90418-ACD9-4B71-AE12-996C4F08D289}.Release|x86.ActiveCfg = Release|Win32
		{9DF90418-ACD9-4B71-AE12-996C4F08D289}.Release|x86.Build.0 = Release|Win32
	EndGlobalSection
	GlobalSection(SolutionProperties) = preSolution
		HideSolutionNode = FALSE
	EndGlobalSection
	GlobalSection(ExtensibilityGlobals) = postSolution
		SolutionGuid = {E432942C-B9F3-492F-85E4-DA3B399A035F}
	EndGlobalSection
EndGlobal
